
Microsoft Visual Studio Solution File, Format Version 12.00
# Visual Studio 15
VisualStudioVersion = 15.0.28307.902
MinimumVisualStudioVersion = 10.0.40219.1
Project("{FAE04EC0-301F-11D3-BF4B-00C04F79EFBC}") = "CrowDo", "CrowDo\CrowDo.csproj", "{AD261072-F73A-44D1-BAAF-B012F426B681}"
EndProject
Global
	GlobalSection(SolutionConfigurationPlatforms) = preSolution
		Debug|Any CPU = Debug|Any CPU
		Release|Any CPU = Release|Any CPU
	EndGlobalSection
	GlobalSection(ProjectConfigurationPlatforms) = postSolution
		{AD261072-F73A-44D1-BAAF-B012F426B681}.Debug|Any CPU.ActiveCfg = Debug|Any CPU
		{AD261072-F73A-44D1-BAAF-B012F426B681}.Debug|Any CPU.Build.0 = Debug|Any CPU
		{AD261072-F73A-44D1-BAAF-B012F426B681}.Release|Any CPU.ActiveCfg = Release|Any CPU
		{AD261072-F73A-44D1-BAAF-B012F426B681}.Release|Any CPU.Build.0 = Release|Any CPU
	EndGlobalSection
	GlobalSection(SolutionProperties) = preSolution
		HideSolutionNode = FALSE
	EndGlobalSection
	GlobalSection(ExtensibilityGlobals) = postSolution
		SolutionGuid = {B0CC2A92-9C58-4E6A-BB7C-12D30DFE55B5}
	EndGlobalSection
EndGlobal
